
Microsoft Visual Studio Solution File, Format Version 12.00
# Visual Studio Version 17
VisualStudioVersion = 17.4.33122.133
MinimumVisualStudioVersion = 10.0.40219.1
Project("{2150E333-8FDC-42A3-9474-1A3956D46DE8}") = "01-Resources", "01-Resources", "{E4DC0A40-50E5-48C3-9CE8-FC6D24E305CB}"
EndProject
Project("{2150E333-8FDC-42A3-9474-1A3956D46DE8}") = "02-Core", "02-Core", "{5B34CE2B-6480-49CD-AF9A-76BA473C2D30}"
EndProject
Project("{2150E333-8FDC-42A3-9474-1A3956D46DE8}") = "03-Infrustructure", "03-Infrustructure", "{B3F06C16-BB87-48A4-AAB1-EB2C451C0A41}"
EndProject
Project("{2150E333-8FDC-42A3-9474-1A3956D46DE8}") = "04-Gateway", "04-Gateway", "{9AD933E5-4925-4CB6-B3CF-0EA4319F93BA}"
EndProject
Project("{2150E333-8FDC-42A3-9474-1A3956D46DE8}") = "05-Application", "05-Application", "{BD8B407D-6203-4CA6-8E40-50FEE80BF7DD}"
EndProject
Project("{2150E333-8FDC-42A3-9474-1A3956D46DE8}") = "06-Api", "06-Api", "{AF498502-0F5A-421E-9D31-A11A3FCD1737}"
EndProject
Project("{9A19103F-16F7-4668-BE54-9A1E7A4F7556}") = "Core", "Core\Core.csproj", "{1D7ECDFC-3C42-42BA-8654-BCF58720D1D3}"
EndProject
Project("{9A19103F-16F7-4668-BE54-9A1E7A4F7556}") = "Infrustructure", "Infrustructure\Infrustructure.csproj", "{99469BA4-754F-485B-9DCD-63FA60289F32}"
EndProject
Project("{9A19103F-16F7-4668-BE54-9A1E7A4F7556}") = "Gateway", "Gateway\Gateway.csproj", "{918A4340-125F-45E9-8644-98A086BE567B}"
EndProject
Project("{9A19103F-16F7-4668-BE54-9A1E7A4F7556}") = "Application", "Application\Application.csproj", "{4F81D554-AB72-4388-9561-F8D185456B73}"
EndProject
Project("{9A19103F-16F7-4668-BE54-9A1E7A4F7556}") = "DataOperation", "DataOperation\DataOperation.csproj", "{CDD1E2F2-8E89-40FE-8D6C-352B55AED95C}"
EndProject
Project("{2150E333-8FDC-42A3-9474-1A3956D46DE8}") = "00-Frameworks", "00-Frameworks", "{E3F8F599-0531-4523-8466-AEA6A84D6657}"
EndProject
Project("{9A19103F-16F7-4668-BE54-9A1E7A4F7556}") = "Base", "Base\Base.csproj", "{C67B1A25-80BE-4BBE-837C-C1725E616C8F}"
EndProject
Project("{9A19103F-16F7-4668-BE54-9A1E7A4F7556}") = "EntityFramework", "EntityFramework\EntityFramework.csproj", "{4EE1AC8B-EDA9-44CD-8516-8C9D9B0D085A}"
EndProject
Project("{FAE04EC0-301F-11D3-BF4B-00C04F79EFBC}") = "Common", "Common\Common.csproj", "{E7D07E2A-2C8C-4E33-BF31-99A180E350F2}"
EndProject
Global
	GlobalSection(SolutionConfigurationPlatforms) = preSolution
		Debug|Any CPU = Debug|Any CPU
		Release|Any CPU = Release|Any CPU
	EndGlobalSection
	GlobalSection(ProjectConfigurationPlatforms) = postSolution
		{1D7ECDFC-3C42-42BA-8654-BCF58720D1D3}.Debug|Any CPU.ActiveCfg = Debug|Any CPU
		{1D7ECDFC-3C42-42BA-8654-BCF58720D1D3}.Debug|Any CPU.Build.0 = Debug|Any CPU
		{1D7ECDFC-3C42-42BA-8654-BCF58720D1D3}.Release|Any CPU.ActiveCfg = Release|Any CPU
		{1D7ECDFC-3C42-42BA-8654-BCF58720D1D3}.Release|Any CPU.Build.0 = Release|Any CPU
		{99469BA4-754F-485B-9DCD-63FA60289F32}.Debug|Any CPU.ActiveCfg = Debug|Any CPU
		{99469BA4-754F-485B-9DCD-63FA60289F32}.Debug|Any CPU.Build.0 = Debug|Any CPU
		{99469BA4-754F-485B-9DCD-63FA60289F32}.Release|Any CPU.ActiveCfg = Release|Any CPU
		{99469BA4-754F-485B-9DCD-63FA60289F32}.Release|Any CPU.Build.0 = Release|Any CPU
		{918A4340-125F-45E9-8644-98A086BE567B}.Debug|Any CPU.ActiveCfg = Debug|Any CPU
		{918A4340-125F-45E9-8644-98A086BE567B}.Debug|Any CPU.Build.0 = Debug|Any CPU
		{918A4340-125F-45E9-8644-98A086BE567B}.Release|Any CPU.ActiveCfg = Release|Any CPU
		{918A4340-125F-45E9-8644-98A086BE567B}.Release|Any CPU.Build.0 = Release|Any CPU
		{4F81D554-AB72-4388-9561-F8D185456B73}.Debug|Any CPU.ActiveCfg = Debug|Any CPU
		{4F81D554-AB72-4388-9561-F8D185456B73}.Debug|Any CPU.Build.0 = Debug|Any CPU
		{4F81D554-AB72-4388-9561-F8D185456B73}.Release|Any CPU.ActiveCfg = Release|Any CPU
		{4F81D554-AB72-4388-9561-F8D185456B73}.Release|Any CPU.Build.0 = Release|Any CPU
		{CDD1E2F2-8E89-40FE-8D6C-352B55AED95C}.Debug|Any CPU.ActiveCfg = Debug|Any CPU
		{CDD1E2F2-8E89-40FE-8D6C-352B55AED95C}.Debug|Any CPU.Build.0 = Debug|Any CPU
		{CDD1E2F2-8E89-40FE-8D6C-352B55AED95C}.Release|Any CPU.ActiveCfg = Release|Any CPU
		{CDD1E2F2-8E89-40FE-8D6C-352B55AED95C}.Release|Any CPU.Build.0 = Release|Any CPU
		{C67B1A25-80BE-4BBE-837C-C1725E616C8F}.Debug|Any CPU.ActiveCfg = Debug|Any CPU
		{C67B1A25-80BE-4BBE-837C-C1725E616C8F}.Debug|Any CPU.Build.0 = Debug|Any CPU
		{C67B1A25-80BE-4BBE-837C-C1725E616C8F}.Release|Any CPU.ActiveCfg = Release|Any CPU
		{C67B1A25-80BE-4BBE-837C-C1725E616C8F}.Release|Any CPU.Build.0 = Release|Any CPU
		{4EE1AC8B-EDA9-44CD-8516-8C9D9B0D085A}.Debug|Any CPU.ActiveCfg = Debug|Any CPU
		{4EE1AC8B-EDA9-44CD-8516-8C9D9B0D085A}.Debug|Any CPU.Build.0 = Debug|Any CPU
		{4EE1AC8B-EDA9-44CD-8516-8C9D9B0D085A}.Release|Any CPU.ActiveCfg = Release|Any CPU
		{4EE1AC8B-EDA9-44CD-8516-8C9D9B0D085A}.Release|Any CPU.Build.0 = Release|Any CPU
		{E7D07E2A-2C8C-4E33-BF31-99A180E350F2}.Debug|Any CPU.ActiveCfg = Debug|Any CPU
		{E7D07E2A-2C8C-4E33-BF31-99A180E350F2}.Debug|Any CPU.Build.0 = Debug|Any CPU
		{E7D07E2A-2C8C-4E33-BF31-99A180E350F2}.Release|Any CPU.ActiveCfg = Release|Any CPU
		{E7D07E2A-2C8C-4E33-BF31-99A180E350F2}.Release|Any CPU.Build.0 = Release|Any CPU
	EndGlobalSection
	GlobalSection(SolutionProperties) = preSolution
		HideSolutionNode = FALSE
	EndGlobalSection
	GlobalSection(NestedProjects) = preSolution
		{1D7ECDFC-3C42-42BA-8654-BCF58720D1D3} = {5B34CE2B-6480-49CD-AF9A-76BA473C2D30}
		{99469BA4-754F-485B-9DCD-63FA60289F32} = {B3F06C16-BB87-48A4-AAB1-EB2C451C0A41}
		{918A4340-125F-45E9-8644-98A086BE567B} = {9AD933E5-4925-4CB6-B3CF-0EA4319F93BA}
		{4F81D554-AB72-4388-9561-F8D185456B73} = {BD8B407D-6203-4CA6-8E40-50FEE80BF7DD}
		{CDD1E2F2-8E89-40FE-8D6C-352B55AED95C} = {AF498502-0F5A-421E-9D31-A11A3FCD1737}
		{C67B1A25-80BE-4BBE-837C-C1725E616C8F} = {E3F8F599-0531-4523-8466-AEA6A84D6657}
		{4EE1AC8B-EDA9-44CD-8516-8C9D9B0D085A} = {E3F8F599-0531-4523-8466-AEA6A84D6657}
		{E7D07E2A-2C8C-4E33-BF31-99A180E350F2} = {E3F8F599-0531-4523-8466-AEA6A84D6657}
	EndGlobalSection
	GlobalSection(ExtensibilityGlobals) = postSolution
		SolutionGuid = {2BEED994-1152-4012-BE48-2376F7D7D30A}
	EndGlobalSection
EndGlobal
